
Microsoft Visual Studio Solution File, Format Version 12.00
# Visual Studio Version 16
VisualStudioVersion = 16.0.809.4
MinimumVisualStudioVersion = 10.0.40219.1
Project("{FAE04EC0-301F-11D3-BF4B-00C04F79EFBC}") = "Byte", "Byte\Byte.csproj", "{B1A7F803-847C-4BF1-A387-03B71C88EB05}"
EndProject
Global
	GlobalSection(SolutionConfigurationPlatforms) = preSolution
		Debug|Any CPU = Debug|Any CPU
		Release|Any CPU = Release|Any CPU
	EndGlobalSection
	GlobalSection(ProjectConfigurationPlatforms) = postSolution
		{B1A7F803-847C-4BF1-A387-03B71C88EB05}.Debug|Any CPU.ActiveCfg = Debug|Any CPU
		{B1A7F803-847C-4BF1-A387-03B71C88EB05}.Debug|Any CPU.Build.0 = Debug|Any CPU
		{B1A7F803-847C-4BF1-A387-03B71C88EB05}.Release|Any CPU.ActiveCfg = Release|Any CPU
		{B1A7F803-847C-4BF1-A387-03B71C88EB05}.Release|Any CPU.Build.0 = Release|Any CPU
	EndGlobalSection
	GlobalSection(SolutionProperties) = preSolution
		HideSolutionNode = FALSE
	EndGlobalSection
	GlobalSection(ExtensibilityGlobals) = postSolution
		SolutionGuid = {87D77F0B-874A-4D9E-8366-FB849EF80B0F}
	EndGlobalSection
EndGlobal
