
Microsoft Visual Studio Solution File, Format Version 12.00
# Visual Studio Version 16
VisualStudioVersion = 16.0.809.4
MinimumVisualStudioVersion = 10.0.40219.1
Project("{FAE04EC0-301F-11D3-BF4B-00C04F79EFBC}") = "Variables", "Variables\Variables.csproj", "{75E2B82D-E7CB-4E5C-BB0F-2C42D73A6C67}"
EndProject
Global
	GlobalSection(SolutionConfigurationPlatforms) = preSolution
		Debug|Any CPU = Debug|Any CPU
		Release|Any CPU = Release|Any CPU
	EndGlobalSection
	GlobalSection(ProjectConfigurationPlatforms) = postSolution
		{75E2B82D-E7CB-4E5C-BB0F-2C42D73A6C67}.Debug|Any CPU.ActiveCfg = Debug|Any CPU
		{75E2B82D-E7CB-4E5C-BB0F-2C42D73A6C67}.Debug|Any CPU.Build.0 = Debug|Any CPU
		{75E2B82D-E7CB-4E5C-BB0F-2C42D73A6C67}.Release|Any CPU.ActiveCfg = Release|Any CPU
		{75E2B82D-E7CB-4E5C-BB0F-2C42D73A6C67}.Release|Any CPU.Build.0 = Release|Any CPU
	EndGlobalSection
	GlobalSection(SolutionProperties) = preSolution
		HideSolutionNode = FALSE
	EndGlobalSection
	GlobalSection(ExtensibilityGlobals) = postSolution
		SolutionGuid = {58549289-3E18-4B14-AB91-720FDB4A2716}
	EndGlobalSection
EndGlobal
