
Microsoft Visual Studio Solution File, Format Version 12.00
# Visual Studio Version 16
VisualStudioVersion = 16.0.809.10
MinimumVisualStudioVersion = 10.0.40219.1
Project("{FAE04EC0-301F-11D3-BF4B-00C04F79EFBC}") = "ByValueBasics", "ByValueBasics\ByValueBasics.csproj", "{8C0D57D8-F8AB-4265-A9E6-4265CB91177F}"
EndProject
Global
	GlobalSection(SolutionConfigurationPlatforms) = preSolution
		Debug|Any CPU = Debug|Any CPU
		Release|Any CPU = Release|Any CPU
	EndGlobalSection
	GlobalSection(ProjectConfigurationPlatforms) = postSolution
		{8C0D57D8-F8AB-4265-A9E6-4265CB91177F}.Debug|Any CPU.ActiveCfg = Debug|Any CPU
		{8C0D57D8-F8AB-4265-A9E6-4265CB91177F}.Debug|Any CPU.Build.0 = Debug|Any CPU
		{8C0D57D8-F8AB-4265-A9E6-4265CB91177F}.Release|Any CPU.ActiveCfg = Release|Any CPU
		{8C0D57D8-F8AB-4265-A9E6-4265CB91177F}.Release|Any CPU.Build.0 = Release|Any CPU
	EndGlobalSection
	GlobalSection(SolutionProperties) = preSolution
		HideSolutionNode = FALSE
	EndGlobalSection
	GlobalSection(ExtensibilityGlobals) = postSolution
		SolutionGuid = {C637E8BB-4421-4D80-859C-20B45F2F446B}
	EndGlobalSection
EndGlobal
