
Microsoft Visual Studio Solution File, Format Version 12.00
# Visual Studio Version 16
VisualStudioVersion = 16.0.809.10
MinimumVisualStudioVersion = 10.0.40219.1
Project("{FAE04EC0-301F-11D3-BF4B-00C04F79EFBC}") = "StringManipulateUpdated", "StringManipulateUpdated\StringManipulateUpdated.csproj", "{BC306A06-4F41-4FC5-A951-50986E12B628}"
EndProject
Global
	GlobalSection(SolutionConfigurationPlatforms) = preSolution
		Debug|Any CPU = Debug|Any CPU
		Release|Any CPU = Release|Any CPU
	EndGlobalSection
	GlobalSection(ProjectConfigurationPlatforms) = postSolution
		{BC306A06-4F41-4FC5-A951-50986E12B628}.Debug|Any CPU.ActiveCfg = Debug|Any CPU
		{BC306A06-4F41-4FC5-A951-50986E12B628}.Debug|Any CPU.Build.0 = Debug|Any CPU
		{BC306A06-4F41-4FC5-A951-50986E12B628}.Release|Any CPU.ActiveCfg = Release|Any CPU
		{BC306A06-4F41-4FC5-A951-50986E12B628}.Release|Any CPU.Build.0 = Release|Any CPU
	EndGlobalSection
	GlobalSection(SolutionProperties) = preSolution
		HideSolutionNode = FALSE
	EndGlobalSection
	GlobalSection(ExtensibilityGlobals) = postSolution
		SolutionGuid = {6AB54B69-8D37-4DB9-9FF5-4A44ABEDFFE0}
	EndGlobalSection
EndGlobal
