
Microsoft Visual Studio Solution File, Format Version 12.00
# Visual Studio Version 16
VisualStudioVersion = 16.0.809.2
MinimumVisualStudioVersion = 10.0.40219.1
Project("{FAE04EC0-301F-11D3-BF4B-00C04F79EFBC}") = "AddNumber", "AddNumber\AddNumber.csproj", "{EA554D50-341D-4281-9675-3F5BB4576A34}"
EndProject
Global
	GlobalSection(SolutionConfigurationPlatforms) = preSolution
		Debug|Any CPU = Debug|Any CPU
		Release|Any CPU = Release|Any CPU
	EndGlobalSection
	GlobalSection(ProjectConfigurationPlatforms) = postSolution
		{EA554D50-341D-4281-9675-3F5BB4576A34}.Debug|Any CPU.ActiveCfg = Debug|Any CPU
		{EA554D50-341D-4281-9675-3F5BB4576A34}.Debug|Any CPU.Build.0 = Debug|Any CPU
		{EA554D50-341D-4281-9675-3F5BB4576A34}.Release|Any CPU.ActiveCfg = Release|Any CPU
		{EA554D50-341D-4281-9675-3F5BB4576A34}.Release|Any CPU.Build.0 = Release|Any CPU
	EndGlobalSection
	GlobalSection(SolutionProperties) = preSolution
		HideSolutionNode = FALSE
	EndGlobalSection
	GlobalSection(ExtensibilityGlobals) = postSolution
		SolutionGuid = {822DFB19-ADCE-4A6D-A96A-F1B41C45E17F}
	EndGlobalSection
EndGlobal
