
Microsoft Visual Studio Solution File, Format Version 12.00
# Visual Studio Version 16
VisualStudioVersion = 16.0.809.4
MinimumVisualStudioVersion = 10.0.40219.1
Project("{FAE04EC0-301F-11D3-BF4B-00C04F79EFBC}") = "TypeConversion", "TypeConversion\TypeConversion.csproj", "{AB8E6976-B31D-4B06-970D-F4E141DD7541}"
EndProject
Global
	GlobalSection(SolutionConfigurationPlatforms) = preSolution
		Debug|Any CPU = Debug|Any CPU
		Release|Any CPU = Release|Any CPU
	EndGlobalSection
	GlobalSection(ProjectConfigurationPlatforms) = postSolution
		{AB8E6976-B31D-4B06-970D-F4E141DD7541}.Debug|Any CPU.ActiveCfg = Debug|Any CPU
		{AB8E6976-B31D-4B06-970D-F4E141DD7541}.Debug|Any CPU.Build.0 = Debug|Any CPU
		{AB8E6976-B31D-4B06-970D-F4E141DD7541}.Release|Any CPU.ActiveCfg = Release|Any CPU
		{AB8E6976-B31D-4B06-970D-F4E141DD7541}.Release|Any CPU.Build.0 = Release|Any CPU
	EndGlobalSection
	GlobalSection(SolutionProperties) = preSolution
		HideSolutionNode = FALSE
	EndGlobalSection
	GlobalSection(ExtensibilityGlobals) = postSolution
		SolutionGuid = {E1394E5C-5E72-46F2-AECB-1C9B1481BFD7}
	EndGlobalSection
EndGlobal
